
Microsoft Visual Studio Solution File, Format Version 12.00
# Visual Studio Version 16
VisualStudioVersion = 16.0.31321.278
MinimumVisualStudioVersion = 10.0.40219.1
Project("{2150E333-8FDC-42A3-9474-1A3956D46DE8}") = "Controlador", "Controlador", "{F7AF1DED-C12F-4FCA-A7E9-20552F31E75E}"
EndProject
Project("{2150E333-8FDC-42A3-9474-1A3956D46DE8}") = "Vista", "Vista", "{BB7546C1-D863-4151-816F-117874D3A9B5}"
EndProject
Project("{2150E333-8FDC-42A3-9474-1A3956D46DE8}") = "Modelo", "Modelo", "{8AAAB9B1-F4A9-490F-899D-4C49462FD9F6}"
EndProject
Project("{FAE04EC0-301F-11D3-BF4B-00C04F79EFBC}") = "Veterinaria.Controlador", "Controlador\Veterinaria.Controlador.csproj", "{31FD9212-5B86-4DC6-A8F1-51F6E2D36EE8}"
EndProject
Project("{FAE04EC0-301F-11D3-BF4B-00C04F79EFBC}") = "Veterinaria.Modelo", "Modelo\Veterinaria.Modelo.csproj", "{CBBEFB49-0CAC-4CFC-A2F2-A79FA57B2C52}"
EndProject
Project("{FAE04EC0-301F-11D3-BF4B-00C04F79EFBC}") = "Veterinaria.Vista", "Vista\Veterinaria.Vista.csproj", "{05FEA417-B22A-4DF7-A7AF-4AA3402C085C}"
EndProject
Global
	GlobalSection(SolutionConfigurationPlatforms) = preSolution
		Debug|Any CPU = Debug|Any CPU
		Release|Any CPU = Release|Any CPU
	EndGlobalSection
	GlobalSection(ProjectConfigurationPlatforms) = postSolution
		{31FD9212-5B86-4DC6-A8F1-51F6E2D36EE8}.Debug|Any CPU.ActiveCfg = Debug|Any CPU
		{31FD9212-5B86-4DC6-A8F1-51F6E2D36EE8}.Debug|Any CPU.Build.0 = Debug|Any CPU
		{31FD9212-5B86-4DC6-A8F1-51F6E2D36EE8}.Release|Any CPU.ActiveCfg = Release|Any CPU
		{31FD9212-5B86-4DC6-A8F1-51F6E2D36EE8}.Release|Any CPU.Build.0 = Release|Any CPU
		{CBBEFB49-0CAC-4CFC-A2F2-A79FA57B2C52}.Debug|Any CPU.ActiveCfg = Debug|Any CPU
		{CBBEFB49-0CAC-4CFC-A2F2-A79FA57B2C52}.Debug|Any CPU.Build.0 = Debug|Any CPU
		{CBBEFB49-0CAC-4CFC-A2F2-A79FA57B2C52}.Release|Any CPU.ActiveCfg = Release|Any CPU
		{CBBEFB49-0CAC-4CFC-A2F2-A79FA57B2C52}.Release|Any CPU.Build.0 = Release|Any CPU
		{05FEA417-B22A-4DF7-A7AF-4AA3402C085C}.Debug|Any CPU.ActiveCfg = Debug|Any CPU
		{05FEA417-B22A-4DF7-A7AF-4AA3402C085C}.Debug|Any CPU.Build.0 = Debug|Any CPU
		{05FEA417-B22A-4DF7-A7AF-4AA3402C085C}.Release|Any CPU.ActiveCfg = Release|Any CPU
		{05FEA417-B22A-4DF7-A7AF-4AA3402C085C}.Release|Any CPU.Build.0 = Release|Any CPU
	EndGlobalSection
	GlobalSection(SolutionProperties) = preSolution
		HideSolutionNode = FALSE
	EndGlobalSection
	GlobalSection(NestedProjects) = preSolution
		{31FD9212-5B86-4DC6-A8F1-51F6E2D36EE8} = {F7AF1DED-C12F-4FCA-A7E9-20552F31E75E}
		{CBBEFB49-0CAC-4CFC-A2F2-A79FA57B2C52} = {8AAAB9B1-F4A9-490F-899D-4C49462FD9F6}
		{05FEA417-B22A-4DF7-A7AF-4AA3402C085C} = {BB7546C1-D863-4151-816F-117874D3A9B5}
	EndGlobalSection
	GlobalSection(ExtensibilityGlobals) = postSolution
		SolutionGuid = {A0F885EE-F5D4-4D46-B208-0FFCF64A26DF}
	EndGlobalSection
EndGlobal
